{
    "_readme": [
        "This file locks the dependencies of your project to a known state",
        "Read more about it at https://getcomposer.org/doc/01-basic-usage.md#installing-dependencies",
        "This file is @generated automatically"
    ],
    "content-hash": "0d78b698a1b6b4ca9baf1ae95ff1290e",
    "packages": [
        {
            "name": "arhframe/util",
            "version": "1.2.8",
            "source": {
                "type": "git",
                "url": "https://github.com/arhframe/util.git",
                "reference": "04871cb1490acc4e97a8f1ded44543eb754565c2"
            },
            "dist": {
                "type": "zip",
                "url": "https://api.github.com/repos/arhframe/util/zipball/04871cb1490acc4e97a8f1ded44543eb754565c2",
                "reference": "04871cb1490acc4e97a8f1ded44543eb754565c2",
                "shasum": ""
            },
            "require": {
                "php": ">=5.3.0"
            },
            "type": "library",
            "autoload": {
                "psr-0": {
                    "Arhframe\\Util": "src/"
                }
            },
            "notification-url": "https://packagist.org/downloads/",
            "license": [
                "MIT"
            ],
            "authors": [
                {
                    "name": "Arthur Halet",
                    "email": "arthurh.halet@gmail.com",
                    "homepage": "http://arthurh.fr"
                }
            ],
            "description": "Util class for arhframe",
            "homepage": "https://github.com/arhframe/util",
            "keywords": [
                "Arhframe",
                "framework",
                "util"
            ],
            "time": "2015-04-11T18:35:26+00:00"
        },
        {
            "name": "arhframe/yamlarh",
            "version": "1.1.18",
            "source": {
                "type": "git",
                "url": "https://github.com/arhframe/yamlarh.git",
                "reference": "a9df259c9ddba2d570dda2a2b340f8c0905b466d"
            },
            "dist": {
                "type": "zip",
                "url": "https://api.github.com/repos/arhframe/yamlarh/zipball/a9df259c9ddba2d570dda2a2b340f8c0905b466d",
                "reference": "a9df259c9ddba2d570dda2a2b340f8c0905b466d",
                "shasum": ""
            },
            "require": {
                "arhframe/util": "1.2.*",
                "symfony/yaml": "2.*"
            },
            "require-dev": {
                "phpunit/phpunit": "*"
            },
            "type": "library",
            "autoload": {
                "psr-4": {
                    "Arhframe\\Yamlarh\\": "src/Arhframe/Yamlarh"
                }
            },
            "notification-url": "https://packagist.org/downloads/",
            "license": [
                "MIT"
            ],
            "authors": [
                {
                    "name": "Arthur Halet",
                    "email": "arthurh.halet@gmail.com",
                    "homepage": "http://arthurh.fr"
                }
            ],
            "description": "Inject data and import other formatted file into your formatted file.",
            "homepage": "https://github.com/arhframe/yamlarh",
            "keywords": [
                "Arhframe",
                "framework",
                "inject",
                "injector",
                "yaml"
            ],
            "time": "2015-06-01T16:54:30+00:00"
        },
        {
            "name": "cloudfoundry-community/cf-helper-php",
            "version": "1.7.0",
            "source": {
                "type": "git",
                "url": "https://github.com/cloudfoundry-community/cf-helper-php.git",
                "reference": "95fcd93b2e231e36c42ab6d5955d05976f09ea9a"
            },
            "dist": {
                "type": "zip",
                "url": "https://api.github.com/repos/cloudfoundry-community/cf-helper-php/zipball/95fcd93b2e231e36c42ab6d5955d05976f09ea9a",
                "reference": "95fcd93b2e231e36c42ab6d5955d05976f09ea9a",
                "shasum": ""
            },
            "require": {
                "filp/whoops": "~2.1",
                "monolog/monolog": "~1.13",
                "sphring/sphring": "0.13.0",
                "symfony/yaml": "~2.5"
            },
            "require-dev": {
                "predis/predis": "~1.0"
            },
            "suggest": {
                "predis/predis": "Let's you have a redis conection for RedisConnector"
            },
            "type": "library",
            "autoload": {
                "psr-4": {
                    "CfCommunity\\CfHelper\\": "src/CfCommunity/CfHelper/"
                }
            },
            "notification-url": "https://packagist.org/downloads/",
            "license": [
                "MIT"
            ],
            "authors": [
                {
                    "name": "Arthur Halet",
                    "email": "arthur.halet@orange.com"
                }
            ],
            "description": "Cloudfoundry helper in php",
            "keywords": [
                "CloudFoundry",
                "helper",
                "services",
                "vcapservices"
            ],
            "time": "2017-06-23T16:55:02+00:00"
        },
        {
            "name": "doctrine/annotations",
            "version": "v1.5.0",
            "source": {
                "type": "git",
                "url": "https://github.com/doctrine/annotations.git",
                "reference": "5beebb01b025c94e93686b7a0ed3edae81fe3e7f"
            },
            "dist": {
                "type": "zip",
                "url": "https://api.github.com/repos/doctrine/annotations/zipball/5beebb01b025c94e93686b7a0ed3edae81fe3e7f",
                "reference": "5beebb01b025c94e93686b7a0ed3edae81fe3e7f",
                "shasum": ""
            },
            "require": {
                "doctrine/lexer": "1.*",
                "php": "^7.1"
            },
            "require-dev": {
                "doctrine/cache": "1.*",
                "phpunit/phpunit": "^5.7"
            },
            "type": "library",
            "extra": {
                "branch-alias": {
                    "dev-master": "1.5.x-dev"
                }
            },
            "autoload": {
                "psr-4": {
                    "Doctrine\\Common\\Annotations\\": "lib/Doctrine/Common/Annotations"
                }
            },
            "notification-url": "https://packagist.org/downloads/",
            "license": [
                "MIT"
            ],
            "authors": [
                {
                    "name": "Roman Borschel",
                    "email": "roman@code-factory.org"
                },
                {
                    "name": "Benjamin Eberlei",
                    "email": "kontakt@beberlei.de"
                },
                {
                    "name": "Guilherme Blanco",
                    "email": "guilhermeblanco@gmail.com"
                },
                {
                    "name": "Jonathan Wage",
                    "email": "jonwage@gmail.com"
                },
                {
                    "name": "Johannes Schmitt",
                    "email": "schmittjoh@gmail.com"
                }
            ],
            "description": "Docblock Annotations Parser",
            "homepage": "http://www.doctrine-project.org",
            "keywords": [
                "annotations",
                "docblock",
                "parser"
            ],
            "time": "2017-07-22T10:58:02+00:00"
        },
        {
            "name": "doctrine/lexer",
            "version": "v1.0.1",
            "source": {
                "type": "git",
                "url": "https://github.com/doctrine/lexer.git",
                "reference": "83893c552fd2045dd78aef794c31e694c37c0b8c"
            },
            "dist": {
                "type": "zip",
                "url": "https://api.github.com/repos/doctrine/lexer/zipball/83893c552fd2045dd78aef794c31e694c37c0b8c",
                "reference": "83893c552fd2045dd78aef794c31e694c37c0b8c",
                "shasum": ""
            },
            "require": {
                "php": ">=5.3.2"
            },
            "type": "library",
            "extra": {
                "branch-alias": {
                    "dev-master": "1.0.x-dev"
                }
            },
            "autoload": {
                "psr-0": {
                    "Doctrine\\Common\\Lexer\\": "lib/"
                }
            },
            "notification-url": "https://packagist.org/downloads/",
            "license": [
                "MIT"
            ],
            "authors": [
                {
                    "name": "Roman Borschel",
                    "email": "roman@code-factory.org"
                },
                {
                    "name": "Guilherme Blanco",
                    "email": "guilhermeblanco@gmail.com"
                },
                {
                    "name": "Johannes Schmitt",
                    "email": "schmittjoh@gmail.com"
                }
            ],
            "description": "Base library for a lexer that can be used in Top-Down, Recursive Descent Parsers.",
            "homepage": "http://www.doctrine-project.org",
            "keywords": [
                "lexer",
                "parser"
            ],
            "time": "2014-09-09T13:34:57+00:00"
        },
        {
            "name": "filp/whoops",
            "version": "2.1.14",
            "source": {
                "type": "git",
                "url": "https://github.com/filp/whoops.git",
                "reference": "c6081b8838686aa04f1e83ba7e91f78b7b2a23e6"
            },
            "dist": {
                "type": "zip",
                "url": "https://api.github.com/repos/filp/whoops/zipball/c6081b8838686aa04f1e83ba7e91f78b7b2a23e6",
                "reference": "c6081b8838686aa04f1e83ba7e91f78b7b2a23e6",
                "shasum": ""
            },
            "require": {
                "php": "^5.5.9 || ^7.0",
                "psr/log": "^1.0.1"
            },
            "require-dev": {
                "mockery/mockery": "0.9.*",
                "phpunit/phpunit": "^4.8.35 || ^5.7",
                "symfony/var-dumper": "^2.6 || ^3.0"
            },
            "suggest": {
                "symfony/var-dumper": "Pretty print complex values better with var-dumper available",
                "whoops/soap": "Formats errors as SOAP responses"
            },
            "type": "library",
            "extra": {
                "branch-alias": {
                    "dev-master": "2.0-dev"
                }
            },
            "autoload": {
                "psr-4": {
                    "Whoops\\": "src/Whoops/"
                }
            },
            "notification-url": "https://packagist.org/downloads/",
            "license": [
                "MIT"
            ],
            "authors": [
                {
                    "name": "Filipe Dobreira",
                    "homepage": "https://github.com/filp",
                    "role": "Developer"
                }
            ],
            "description": "php error handling for cool kids",
            "homepage": "https://filp.github.io/whoops/",
            "keywords": [
                "error",
                "exception",
                "handling",
                "library",
                "throwable",
                "whoops"
            ],
            "time": "2017-11-23T18:22:44+00:00"
        },
        {
            "name": "monolog/monolog",
            "version": "1.23.0",
            "source": {
                "type": "git",
                "url": "https://github.com/Seldaek/monolog.git",
                "reference": "fd8c787753b3a2ad11bc60c063cff1358a32a3b4"
            },
            "dist": {
                "type": "zip",
                "url": "https://api.github.com/repos/Seldaek/monolog/zipball/fd8c787753b3a2ad11bc60c063cff1358a32a3b4",
                "reference": "fd8c787753b3a2ad11bc60c063cff1358a32a3b4",
                "shasum": ""
            },
            "require": {
                "php": ">=5.3.0",
                "psr/log": "~1.0"
            },
            "provide": {
                "psr/log-implementation": "1.0.0"
            },
            "require-dev": {
                "aws/aws-sdk-php": "^2.4.9 || ^3.0",
                "doctrine/couchdb": "~1.0@dev",
                "graylog2/gelf-php": "~1.0",
                "jakub-onderka/php-parallel-lint": "0.9",
                "php-amqplib/php-amqplib": "~2.4",
                "php-console/php-console": "^3.1.3",
                "phpunit/phpunit": "~4.5",
                "phpunit/phpunit-mock-objects": "2.3.0",
                "ruflin/elastica": ">=0.90 <3.0",
                "sentry/sentry": "^0.13",
                "swiftmailer/swiftmailer": "^5.3|^6.0"
            },
            "suggest": {
                "aws/aws-sdk-php": "Allow sending log messages to AWS services like DynamoDB",
                "doctrine/couchdb": "Allow sending log messages to a CouchDB server",
                "ext-amqp": "Allow sending log messages to an AMQP server (1.0+ required)",
                "ext-mongo": "Allow sending log messages to a MongoDB server",
                "graylog2/gelf-php": "Allow sending log messages to a GrayLog2 server",
                "mongodb/mongodb": "Allow sending log messages to a MongoDB server via PHP Driver",
                "php-amqplib/php-amqplib": "Allow sending log messages to an AMQP server using php-amqplib",
                "php-console/php-console": "Allow sending log messages to Google Chrome",
                "rollbar/rollbar": "Allow sending log messages to Rollbar",
                "ruflin/elastica": "Allow sending log messages to an Elastic Search server",
                "sentry/sentry": "Allow sending log messages to a Sentry server"
            },
            "type": "library",
            "extra": {
                "branch-alias": {
                    "dev-master": "2.0.x-dev"
                }
            },
            "autoload": {
                "psr-4": {
                    "Monolog\\": "src/Monolog"
                }
            },
            "notification-url": "https://packagist.org/downloads/",
            "license": [
                "MIT"
            ],
            "authors": [
                {
                    "name": "Jordi Boggiano",
                    "email": "j.boggiano@seld.be",
                    "homepage": "http://seld.be"
                }
            ],
            "description": "Sends your logs to files, sockets, inboxes, databases and various web services",
            "homepage": "http://github.com/Seldaek/monolog",
            "keywords": [
                "log",
                "logging",
                "psr-3"
            ],
            "time": "2017-06-19T01:22:40+00:00"
        },
        {
            "name": "myclabs/php-enum",
            "version": "1.4.2",
            "source": {
                "type": "git",
                "url": "https://github.com/myclabs/php-enum.git",
                "reference": "e83e992a5b5a0858ef7adbc9239a749d71fb6979"
            },
            "dist": {
                "type": "zip",
                "url": "https://api.github.com/repos/myclabs/php-enum/zipball/e83e992a5b5a0858ef7adbc9239a749d71fb6979",
                "reference": "e83e992a5b5a0858ef7adbc9239a749d71fb6979",
                "shasum": ""
            },
            "require": {
                "php": ">=5.3"
            },
            "require-dev": {
                "phpunit/phpunit": "4.*",
                "squizlabs/php_codesniffer": "1.*"
            },
            "type": "library",
            "autoload": {
                "psr-4": {
                    "MyCLabs\\Enum\\": "src/"
                }
            },
            "notification-url": "https://packagist.org/downloads/",
            "license": [
                "MIT"
            ],
            "authors": [
                {
                    "name": "PHP Enum contributors",
                    "homepage": "https://github.com/myclabs/php-enum/graphs/contributors"
                }
            ],
            "description": "PHP Enum implementation",
            "homepage": "http://github.com/myclabs/php-enum",
            "keywords": [
                "enum"
            ],
            "time": "2016-08-01T15:48:47+00:00"
        },
        {
            "name": "ocramius/proxy-manager",
            "version": "1.0.2",
            "source": {
                "type": "git",
                "url": "https://github.com/Ocramius/ProxyManager.git",
                "reference": "57e9272ec0e8deccf09421596e0e2252df440e11"
            },
            "dist": {
                "type": "zip",
                "url": "https://api.github.com/repos/Ocramius/ProxyManager/zipball/57e9272ec0e8deccf09421596e0e2252df440e11",
                "reference": "57e9272ec0e8deccf09421596e0e2252df440e11",
                "shasum": ""
            },
            "require": {
                "php": ">=5.3.3",
                "zendframework/zend-code": ">2.2.5,<3.0"
            },
            "require-dev": {
                "ext-phar": "*",
                "phpunit/phpunit": "~4.0",
                "squizlabs/php_codesniffer": "1.5.*"
            },
            "suggest": {
                "ocramius/generated-hydrator": "To have very fast object to array to object conversion for ghost objects",
                "zendframework/zend-json": "To have the JsonRpc adapter (Remote Object feature)",
                "zendframework/zend-soap": "To have the Soap adapter (Remote Object feature)",
                "zendframework/zend-stdlib": "To use the hydrator proxy",
                "zendframework/zend-xmlrpc": "To have the XmlRpc adapter (Remote Object feature)"
            },
            "type": "library",
            "extra": {
                "branch-alias": {
                    "dev-master": "2.0.x-dev"
                }
            },
            "autoload": {
                "psr-0": {
                    "ProxyManager\\": "src"
                }
            },
            "notification-url": "https://packagist.org/downloads/",
            "license": [
                "MIT"
            ],
            "authors": [
                {
                    "name": "Marco Pivetta",
                    "email": "ocramius@gmail.com",
                    "homepage": "http://ocramius.github.com/"
                }
            ],
            "description": "A library providing utilities to generate, instantiate and generally operate with Object Proxies",
            "homepage": "https://github.com/Ocramius/ProxyManager",
            "keywords": [
                "aop",
                "lazy loading",
                "proxy",
                "proxy pattern",
                "service proxies"
            ],
            "time": "2015-08-09T04:28:19+00:00"
        },
        {
            "name": "psr/cache",
            "version": "1.0.1",
            "source": {
                "type": "git",
                "url": "https://github.com/php-fig/cache.git",
                "reference": "d11b50ad223250cf17b86e38383413f5a6764bf8"
            },
            "dist": {
                "type": "zip",
                "url": "https://api.github.com/repos/php-fig/cache/zipball/d11b50ad223250cf17b86e38383413f5a6764bf8",
                "reference": "d11b50ad223250cf17b86e38383413f5a6764bf8",
                "shasum": ""
            },
            "require": {
                "php": ">=5.3.0"
            },
            "type": "library",
            "extra": {
                "branch-alias": {
                    "dev-master": "1.0.x-dev"
                }
            },
            "autoload": {
                "psr-4": {
                    "Psr\\Cache\\": "src/"
                }
            },
            "notification-url": "https://packagist.org/downloads/",
            "license": [
                "MIT"
            ],
            "authors": [
                {
                    "name": "PHP-FIG",
                    "homepage": "http://www.php-fig.org/"
                }
            ],
            "description": "Common interface for caching libraries",
            "keywords": [
                "cache",
                "psr",
                "psr-6"
            ],
            "time": "2016-08-06T20:24:11+00:00"
        },
        {
            "name": "psr/log",
            "version": "1.1.0",
            "source": {
                "type": "git",
                "url": "https://github.com/php-fig/log.git",
                "reference": "6c001f1daafa3a3ac1d8ff69ee4db8e799a654dd"
            },
            "dist": {
                "type": "zip",
                "url": "https://api.github.com/repos/php-fig/log/zipball/6c001f1daafa3a3ac1d8ff69ee4db8e799a654dd",
                "reference": "6c001f1daafa3a3ac1d8ff69ee4db8e799a654dd",
                "shasum": ""
            },
            "require": {
                "php": ">=5.3.0"
            },
            "type": "library",
            "extra": {
                "branch-alias": {
                    "dev-master": "1.0.x-dev"
                }
            },
            "autoload": {
                "psr-4": {
                    "Psr\\Log\\": "Psr/Log/"
                }
            },
            "notification-url": "https://packagist.org/downloads/",
            "license": [
                "MIT"
            ],
            "authors": [
                {
                    "name": "PHP-FIG",
                    "homepage": "http://www.php-fig.org/"
                }
            ],
            "description": "Common interface for logging libraries",
            "homepage": "https://github.com/php-fig/log",
            "keywords": [
                "log",
                "psr",
                "psr-3"
            ],
            "time": "2018-11-20T15:27:04+00:00"
        },
        {
            "name": "psr/simple-cache",
            "version": "1.0.1",
            "source": {
                "type": "git",
                "url": "https://github.com/php-fig/simple-cache.git",
                "reference": "408d5eafb83c57f6365a3ca330ff23aa4a5fa39b"
            },
            "dist": {
                "type": "zip",
                "url": "https://api.github.com/repos/php-fig/simple-cache/zipball/408d5eafb83c57f6365a3ca330ff23aa4a5fa39b",
                "reference": "408d5eafb83c57f6365a3ca330ff23aa4a5fa39b",
                "shasum": ""
            },
            "require": {
                "php": ">=5.3.0"
            },
            "type": "library",
            "extra": {
                "branch-alias": {
                    "dev-master": "1.0.x-dev"
                }
            },
            "autoload": {
                "psr-4": {
                    "Psr\\SimpleCache\\": "src/"
                }
            },
            "notification-url": "https://packagist.org/downloads/",
            "license": [
                "MIT"
            ],
            "authors": [
                {
                    "name": "PHP-FIG",
                    "homepage": "http://www.php-fig.org/"
                }
            ],
            "description": "Common interfaces for simple caching",
            "keywords": [
                "cache",
                "caching",
                "psr",
                "psr-16",
                "simple-cache"
            ],
            "time": "2017-10-23T01:57:42+00:00"
        },
        {
            "name": "romaricdrigon/metayaml",
            "version": "1.1",
            "source": {
                "type": "git",
                "url": "https://github.com/romaricdrigon/MetaYaml.git",
                "reference": "03b0af567981a8a060606989c395974baf385bd1"
            },
            "dist": {
                "type": "zip",
                "url": "https://api.github.com/repos/romaricdrigon/MetaYaml/zipball/03b0af567981a8a060606989c395974baf385bd1",
                "reference": "03b0af567981a8a060606989c395974baf385bd1",
                "shasum": ""
            },
            "require": {
                "php": ">=5.3.3",
                "symfony/yaml": "~2.3|~3.0"
            },
            "require-dev": {
                "atoum/atoum": "~1"
            },
            "type": "library",
            "autoload": {
                "psr-0": {
                    "RomaricDrigon\\MetaYaml": "src/"
                }
            },
            "notification-url": "https://packagist.org/downloads/",
            "license": [
                "MIT"
            ],
            "description": "Using [Yaml|Xml|json] schemas files to validate [Yaml|Xml|json] ",
            "homepage": "http://github.com/romaricdrigon/MetaYaml",
            "keywords": [
                "json",
                "schema",
                "validation",
                "xml",
                "yaml"
            ],
            "time": "2016-02-29T10:28:30+00:00"
        },
        {
            "name": "sphring/sphring",
            "version": "0.13.0",
            "source": {
                "type": "git",
                "url": "https://github.com/sphring/sphring.git",
                "reference": "da8326653e58391a93084ef24746d25e21c54c59"
            },
            "dist": {
                "type": "zip",
                "url": "https://api.github.com/repos/sphring/sphring/zipball/da8326653e58391a93084ef24746d25e21c54c59",
                "reference": "da8326653e58391a93084ef24746d25e21c54c59",
                "shasum": ""
            },
            "require": {
                "arhframe/util": "1.2.*",
                "arhframe/yamlarh": "1.1.*",
                "doctrine/annotations": "~1.2",
                "myclabs/php-enum": "1.4.*",
                "ocramius/proxy-manager": "~1.0",
                "php": ">=5.5.0",
                "psr/log": "^1.0.1",
                "romaricdrigon/metayaml": "~1.0",
                "symfony/event-dispatcher": "~3.0",
                "symfony/expression-language": "~3.0",
                "zendframework/zend-code": "2.3.1",
                "zendframework/zend-eventmanager": "2.3.1",
                "zendframework/zend-stdlib": "2.3.1",
                "zf1/zend-config": "~1.12"
            },
            "require-dev": {
                "filp/whoops": "*",
                "monolog/monolog": "*",
                "phpunit/phpunit": "5.3.0"
            },
            "type": "sphring-plugin",
            "autoload": {
                "psr-4": {
                    "Arthurh\\Sphring\\": "src/Arthurh/Sphring/"
                }
            },
            "notification-url": "https://packagist.org/downloads/",
            "license": [
                "MIT"
            ],
            "authors": [
                {
                    "name": "Arthur Halet",
                    "email": "arthurh.halet@gmail.com"
                }
            ],
            "description": "Spring port in php",
            "time": "2017-06-23T16:48:48+00:00"
        },
        {
            "name": "symfony/cache",
            "version": "v3.4.31",
            "source": {
                "type": "git",
                "url": "https://github.com/symfony/cache.git",
                "reference": "6a9cc3ed7f61c6c2bc042d0594cdb807b6fea62c"
            },
            "dist": {
                "type": "zip",
                "url": "https://api.github.com/repos/symfony/cache/zipball/6a9cc3ed7f61c6c2bc042d0594cdb807b6fea62c",
                "reference": "6a9cc3ed7f61c6c2bc042d0594cdb807b6fea62c",
                "shasum": ""
            },
            "require": {
                "php": "^5.5.9|>=7.0.8",
                "psr/cache": "~1.0",
                "psr/log": "~1.0",
                "psr/simple-cache": "^1.0",
                "symfony/polyfill-apcu": "~1.1"
            },
            "conflict": {
                "symfony/var-dumper": "<3.3"
            },
            "provide": {
                "psr/cache-implementation": "1.0",
                "psr/simple-cache-implementation": "1.0"
            },
            "require-dev": {
                "cache/integration-tests": "dev-master",
                "doctrine/cache": "~1.6",
                "doctrine/dbal": "~2.4",
                "predis/predis": "~1.0"
            },
            "type": "library",
            "extra": {
                "branch-alias": {
                    "dev-master": "3.4-dev"
                }
            },
            "autoload": {
                "psr-4": {
                    "Symfony\\Component\\Cache\\": ""
                },
                "exclude-from-classmap": [
                    "/Tests/"
                ]
            },
            "notification-url": "https://packagist.org/downloads/",
            "license": [
                "MIT"
            ],
            "authors": [
                {
                    "name": "Nicolas Grekas",
                    "email": "p@tchwork.com"
                },
                {
                    "name": "Symfony Community",
                    "homepage": "https://symfony.com/contributors"
                }
            ],
            "description": "Symfony Cache component with PSR-6, PSR-16, and tags",
            "homepage": "https://symfony.com",
            "keywords": [
                "caching",
                "psr6"
            ],
            "time": "2019-08-26T07:52:58+00:00"
        },
        {
            "name": "symfony/event-dispatcher",
            "version": "v3.3.13",
            "source": {
                "type": "git",
                "url": "https://github.com/symfony/event-dispatcher.git",
                "reference": "271d8c27c3ec5ecee6e2ac06016232e249d638d9"
            },
            "dist": {
                "type": "zip",
                "url": "https://api.github.com/repos/symfony/event-dispatcher/zipball/271d8c27c3ec5ecee6e2ac06016232e249d638d9",
                "reference": "271d8c27c3ec5ecee6e2ac06016232e249d638d9",
                "shasum": ""
            },
            "require": {
                "php": "^5.5.9|>=7.0.8"
            },
            "conflict": {
                "symfony/dependency-injection": "<3.3"
            },
            "require-dev": {
                "psr/log": "~1.0",
                "symfony/config": "~2.8|~3.0",
                "symfony/dependency-injection": "~3.3",
                "symfony/expression-language": "~2.8|~3.0",
                "symfony/stopwatch": "~2.8|~3.0"
            },
            "suggest": {
                "symfony/dependency-injection": "",
                "symfony/http-kernel": ""
            },
            "type": "library",
            "extra": {
                "branch-alias": {
                    "dev-master": "3.3-dev"
                }
            },
            "autoload": {
                "psr-4": {
                    "Symfony\\Component\\EventDispatcher\\": ""
                },
                "exclude-from-classmap": [
                    "/Tests/"
                ]
            },
            "notification-url": "https://packagist.org/downloads/",
            "license": [
                "MIT"
            ],
            "authors": [
                {
                    "name": "Fabien Potencier",
                    "email": "fabien@symfony.com"
                },
                {
                    "name": "Symfony Community",
                    "homepage": "https://symfony.com/contributors"
                }
            ],
            "description": "Symfony EventDispatcher Component",
            "homepage": "https://symfony.com",
            "time": "2017-11-05T15:47:03+00:00"
        },
        {
            "name": "symfony/expression-language",
            "version": "v3.3.13",
            "source": {
                "type": "git",
                "url": "https://github.com/symfony/expression-language.git",
                "reference": "c46362f6025f3b110c8b747fe75aace90c884ec6"
            },
            "dist": {
                "type": "zip",
                "url": "https://api.github.com/repos/symfony/expression-language/zipball/c46362f6025f3b110c8b747fe75aace90c884ec6",
                "reference": "c46362f6025f3b110c8b747fe75aace90c884ec6",
                "shasum": ""
            },
            "require": {
                "php": "^5.5.9|>=7.0.8",
                "symfony/cache": "~3.1"
            },
            "type": "library",
            "extra": {
                "branch-alias": {
                    "dev-master": "3.3-dev"
                }
            },
            "autoload": {
                "psr-4": {
                    "Symfony\\Component\\ExpressionLanguage\\": ""
                },
                "exclude-from-classmap": [
                    "/Tests/"
                ]
            },
            "notification-url": "https://packagist.org/downloads/",
            "license": [
                "MIT"
            ],
            "authors": [
                {
                    "name": "Fabien Potencier",
                    "email": "fabien@symfony.com"
                },
                {
                    "name": "Symfony Community",
                    "homepage": "https://symfony.com/contributors"
                }
            ],
            "description": "Symfony ExpressionLanguage Component",
            "homepage": "https://symfony.com",
            "time": "2017-11-12T16:40:29+00:00"
        },
        {
            "name": "symfony/polyfill-apcu",
            "version": "v1.12.0",
            "source": {
                "type": "git",
                "url": "https://github.com/symfony/polyfill-apcu.git",
                "reference": "71ce80635d5dcd67772b4dda00b86068595f64d5"
            },
            "dist": {
                "type": "zip",
                "url": "https://api.github.com/repos/symfony/polyfill-apcu/zipball/71ce80635d5dcd67772b4dda00b86068595f64d5",
                "reference": "71ce80635d5dcd67772b4dda00b86068595f64d5",
                "shasum": ""
            },
            "require": {
                "php": ">=5.3.3"
            },
            "type": "library",
            "extra": {
                "branch-alias": {
                    "dev-master": "1.12-dev"
                }
            },
            "autoload": {
                "psr-4": {
                    "Symfony\\Polyfill\\Apcu\\": ""
                },
                "files": [
                    "bootstrap.php"
                ]
            },
            "notification-url": "https://packagist.org/downloads/",
            "license": [
                "MIT"
            ],
            "authors": [
                {
                    "name": "Nicolas Grekas",
                    "email": "p@tchwork.com"
                },
                {
                    "name": "Symfony Community",
                    "homepage": "https://symfony.com/contributors"
                }
            ],
            "description": "Symfony polyfill backporting apcu_* functions to lower PHP versions",
            "homepage": "https://symfony.com",
            "keywords": [
                "apcu",
                "compatibility",
                "polyfill",
                "portable",
                "shim"
            ],
            "time": "2019-08-06T08:03:45+00:00"
        },
        {
            "name": "symfony/yaml",
            "version": "v2.8.31",
            "source": {
                "type": "git",
                "url": "https://github.com/symfony/yaml.git",
                "reference": "d819bf267e901727141fe828ae888486fd21236e"
            },
            "dist": {
                "type": "zip",
                "url": "https://api.github.com/repos/symfony/yaml/zipball/d819bf267e901727141fe828ae888486fd21236e",
                "reference": "d819bf267e901727141fe828ae888486fd21236e",
                "shasum": ""
            },
            "require": {
                "php": ">=5.3.9"
            },
            "type": "library",
            "extra": {
                "branch-alias": {
                    "dev-master": "2.8-dev"
                }
            },
            "autoload": {
                "psr-4": {
                    "Symfony\\Component\\Yaml\\": ""
                },
                "exclude-from-classmap": [
                    "/Tests/"
                ]
            },
            "notification-url": "https://packagist.org/downloads/",
            "license": [
                "MIT"
            ],
            "authors": [
                {
                    "name": "Fabien Potencier",
                    "email": "fabien@symfony.com"
                },
                {
                    "name": "Symfony Community",
                    "homepage": "https://symfony.com/contributors"
                }
            ],
            "description": "Symfony Yaml Component",
            "homepage": "https://symfony.com",
            "time": "2017-11-05T15:25:56+00:00"
        },
        {
            "name": "zendframework/zend-code",
            "version": "2.3.1",
            "source": {
                "type": "git",
                "url": "https://github.com/zendframework/zend-code.git",
                "reference": "a64e90c9ee8c939335ee7e21e39e3342c0e54526"
            },
            "dist": {
                "type": "zip",
                "url": "https://api.github.com/repos/zendframework/zend-code/zipball/a64e90c9ee8c939335ee7e21e39e3342c0e54526",
                "reference": "a64e90c9ee8c939335ee7e21e39e3342c0e54526",
                "shasum": ""
            },
            "require": {
                "php": ">=5.3.23",
                "zendframework/zend-eventmanager": "self.version"
            },
            "require-dev": {
                "doctrine/common": ">=2.1",
                "fabpot/php-cs-fixer": "1.7.*",
                "phpunit/phpunit": "~4.0",
                "satooshi/php-coveralls": "dev-master",
                "zendframework/zend-stdlib": "self.version"
            },
            "suggest": {
                "doctrine/common": "Doctrine\\Common >=2.1 for annotation features",
                "zendframework/zend-stdlib": "Zend\\Stdlib component"
            },
            "type": "library",
            "extra": {
                "branch-alias": {
                    "dev-master": "2.3-dev",
                    "dev-develop": "2.4-dev"
                }
            },
            "autoload": {
                "psr-4": {
                    "Zend\\Code\\": "src/"
                }
            },
            "notification-url": "https://packagist.org/downloads/",
            "license": [
                "BSD-3-Clause"
            ],
            "description": "provides facilities to generate arbitrary code using an object oriented interface",
            "homepage": "https://github.com/zendframework/zend-code",
            "keywords": [
                "code",
                "zf2"
            ],
            "time": "2014-04-15T14:47:18+00:00"
        },
        {
            "name": "zendframework/zend-eventmanager",
            "version": "2.3.1",
            "source": {
                "type": "git",
                "url": "https://github.com/zendframework/zend-eventmanager.git",
                "reference": "ec158e89d0290f988a29ccd6bf179b561efbb702"
            },
            "dist": {
                "type": "zip",
                "url": "https://api.github.com/repos/zendframework/zend-eventmanager/zipball/ec158e89d0290f988a29ccd6bf179b561efbb702",
                "reference": "ec158e89d0290f988a29ccd6bf179b561efbb702",
                "shasum": ""
            },
            "require": {
                "php": ">=5.3.23",
                "zendframework/zend-stdlib": "self.version"
            },
            "require-dev": {
                "fabpot/php-cs-fixer": "1.7.*",
                "phpunit/phpunit": "~4.0",
                "satooshi/php-coveralls": "dev-master"
            },
            "type": "library",
            "extra": {
                "branch-alias": {
                    "dev-master": "2.3-dev",
                    "dev-develop": "2.4-dev"
                }
            },
            "autoload": {
                "psr-4": {
                    "Zend\\EventManager\\": "src/"
                }
            },
            "notification-url": "https://packagist.org/downloads/",
            "license": [
                "BSD-3-Clause"
            ],
            "homepage": "https://github.com/zendframework/zend-event-manager",
            "keywords": [
                "eventmanager",
                "zf2"
            ],
            "time": "2014-04-15T13:59:53+00:00"
        },
        {
            "name": "zendframework/zend-stdlib",
            "version": "2.3.1",
            "source": {
                "type": "git",
                "url": "https://github.com/zendframework/zend-stdlib.git",
                "reference": "6079302963d57f36a9ba92ed3f38b992997aa78d"
            },
            "dist": {
                "type": "zip",
                "url": "https://api.github.com/repos/zendframework/zend-stdlib/zipball/6079302963d57f36a9ba92ed3f38b992997aa78d",
                "reference": "6079302963d57f36a9ba92ed3f38b992997aa78d",
                "shasum": ""
            },
            "require": {
                "php": ">=5.3.23"
            },
            "require-dev": {
                "fabpot/php-cs-fixer": "1.7.*",
                "phpunit/phpunit": "~4.0",
                "satooshi/php-coveralls": "dev-master",
                "zendframework/zend-eventmanager": "self.version",
                "zendframework/zend-filter": "self.version",
                "zendframework/zend-serializer": "self.version",
                "zendframework/zend-servicemanager": "self.version"
            },
            "suggest": {
                "zendframework/zend-eventmanager": "To support aggregate hydrator usage",
                "zendframework/zend-filter": "To support naming strategy hydrator usage",
                "zendframework/zend-serializer": "Zend\\Serializer component",
                "zendframework/zend-servicemanager": "To support hydrator plugin manager usage"
            },
            "type": "library",
            "extra": {
                "branch-alias": {
                    "dev-master": "2.3-dev",
                    "dev-develop": "2.4-dev"
                }
            },
            "autoload": {
                "psr-4": {
                    "Zend\\Stdlib\\": "src/"
                }
            },
            "notification-url": "https://packagist.org/downloads/",
            "license": [
                "BSD-3-Clause"
            ],
            "homepage": "https://github.com/zendframework/zend-stdlib",
            "keywords": [
                "stdlib",
                "zf2"
            ],
            "time": "2014-04-15T13:59:53+00:00"
        },
        {
            "name": "zf1/zend-config",
            "version": "1.12.20",
            "source": {
                "type": "git",
                "url": "https://github.com/zf1/zend-config.git",
                "reference": "2a1e588782d74e22d73682dc71fa4a7e193d52c4"
            },
            "dist": {
                "type": "zip",
                "url": "https://api.github.com/repos/zf1/zend-config/zipball/2a1e588782d74e22d73682dc71fa4a7e193d52c4",
                "reference": "2a1e588782d74e22d73682dc71fa4a7e193d52c4",
                "shasum": ""
            },
            "require": {
                "php": ">=5.2.11",
                "zf1/zend-exception": "self.version",
                "zf1/zend-xml": "self.version"
            },
            "type": "library",
            "autoload": {
                "psr-0": {
                    "Zend_Config": "library/"
                }
            },
            "notification-url": "https://packagist.org/downloads/",
            "license": [
                "BSD-3-Clause"
            ],
            "description": "Zend Framework 1 Config package",
            "homepage": "http://framework.zend.com/",
            "keywords": [
                "ZF1",
                "config",
                "framework",
                "zend"
            ],
            "time": "2015-04-30T11:10:35+00:00"
        },
        {
            "name": "zf1/zend-exception",
            "version": "1.12.20",
            "source": {
                "type": "git",
                "url": "https://github.com/zf1/zend-exception.git",
                "reference": "ca30959d3e2f522f481a3d1459386acf1aa4ca74"
            },
            "dist": {
                "type": "zip",
                "url": "https://api.github.com/repos/zf1/zend-exception/zipball/ca30959d3e2f522f481a3d1459386acf1aa4ca74",
                "reference": "ca30959d3e2f522f481a3d1459386acf1aa4ca74",
                "shasum": ""
            },
            "require": {
                "php": ">=5.2.11"
            },
            "type": "library",
            "autoload": {
                "psr-0": {
                    "Zend_Exception": "library/"
                }
            },
            "notification-url": "https://packagist.org/downloads/",
            "license": [
                "BSD-3-Clause"
            ],
            "description": "Zend Framework 1 Exception package",
            "homepage": "http://framework.zend.com/",
            "keywords": [
                "ZF1",
                "exception",
                "framework",
                "zend"
            ],
            "time": "2015-04-30T11:10:20+00:00"
        },
        {
            "name": "zf1/zend-xml",
            "version": "1.12.20",
            "source": {
                "type": "git",
                "url": "https://github.com/zf1/zend-xml.git",
                "reference": "d4f99144a0cf0c5e383f3fb765cdd7dfde7caab4"
            },
            "dist": {
                "type": "zip",
                "url": "https://api.github.com/repos/zf1/zend-xml/zipball/d4f99144a0cf0c5e383f3fb765cdd7dfde7caab4",
                "reference": "d4f99144a0cf0c5e383f3fb765cdd7dfde7caab4",
                "shasum": ""
            },
            "require": {
                "php": ">=5.2.11",
                "zf1/zend-exception": "self.version"
            },
            "type": "library",
            "autoload": {
                "psr-0": {
                    "Zend_Xml": "library/"
                }
            },
            "notification-url": "https://packagist.org/downloads/",
            "license": [
                "BSD-3-Clause"
            ],
            "description": "Zend Framework 1 Xml package",
            "homepage": "http://framework.zend.com/",
            "keywords": [
                "ZF1",
                "framework",
                "xml",
                "zend"
            ],
            "time": "2017-07-11T23:59:06+00:00"
        }
    ],
    "packages-dev": [],
    "aliases": [],
    "minimum-stability": "stable",
    "stability-flags": [],
    "prefer-stable": false,
    "prefer-lowest": false,
    "platform": [],
    "platform-dev": []
}
